
Microsoft Visual Studio Solution File, Format Version 12.00
# Visual Studio Version 17
VisualStudioVersion = 17.2.32602.215
MinimumVisualStudioVersion = 10.0.40219.1
Project("{FAE04EC0-301F-11D3-BF4B-00C04F79EFBC}") = "APOD Wallpaper", "APOD Wallpaper\APOD Wallpaper.csproj", "{C7C38A9C-EF99-4BF4-9746-1686EC14E089}"
EndProject
Global
	GlobalSection(SolutionConfigurationPlatforms) = preSolution
		Debug|Any CPU = Debug|Any CPU
		Release|Any CPU = Release|Any CPU
	EndGlobalSection
	GlobalSection(ProjectConfigurationPlatforms) = postSolution
		{C7C38A9C-EF99-4BF4-9746-1686EC14E089}.Debug|Any CPU.ActiveCfg = Debug|Any CPU
		{C7C38A9C-EF99-4BF4-9746-1686EC14E089}.Debug|Any CPU.Build.0 = Debug|Any CPU
		{C7C38A9C-EF99-4BF4-9746-1686EC14E089}.Release|Any CPU.ActiveCfg = Release|Any CPU
		{C7C38A9C-EF99-4BF4-9746-1686EC14E089}.Release|Any CPU.Build.0 = Release|Any CPU
	EndGlobalSection
	GlobalSection(SolutionProperties) = preSolution
		HideSolutionNode = FALSE
	EndGlobalSection
	GlobalSection(ExtensibilityGlobals) = postSolution
		SolutionGuid = {62D101FB-E7F8-4600-B4CC-61B5DB93204F}
	EndGlobalSection
EndGlobal
